// labelle.lock — resolved dependency versions
// Generated by labelle-cli. Commit this file to git.
.{
    .cli_version = "1.46.1",
    .resolved = .{
        .core = .{ .version = "1.22.0" },
        .engine = .{ .version = "1.65.0" },
        .gfx = .{ .version = "1.19.0" },
        .labelle = .{ .version = "local:../../../labelle-cli" },
    },
}
