// labelle.lock — resolved dependency versions
// Generated by labelle-cli. Commit this file to git.
.{
    .cli_version = "2.0.0",
    .resolved = .{
        .core = .{ .version = "2.1.0" },
        .engine = .{ .version = "3.4.1" },
        .gfx = .{ .version = "2.2.0" },
        .labelle = .{ .version = "2.0.0" },
    },
    .plugins = .{
        .{ .name = "android", .repo = "github.com/labelle-toolkit/labelle-android", .version = "0.2.0" },
    },
}
